
Microsoft Visual Studio Solution File, Format Version 12.00
# Visual Studio Version 16
VisualStudioVersion = 16.0.32228.343
MinimumVisualStudioVersion = 10.0.40219.1
Project("{8BC9CEB8-8B4A-11D0-8D11-00A0C91BC942}") = "USU_hard_C", "USU_hard_C.vcxproj", "{4AA4639C-67A5-4145-A22D-11917632B7DF}"
EndProject
Global
	GlobalSection(SolutionConfigurationPlatforms) = preSolution
		Debug|x64 = Debug|x64
		Debug|x86 = Debug|x86
		Release|x64 = Release|x64
		Release|x86 = Release|x86
	EndGlobalSection
	GlobalSection(ProjectConfigurationPlatforms) = postSolution
		{4AA4639C-67A5-4145-A22D-11917632B7DF}.Debug|x64.ActiveCfg = Debug|x64
		{4AA4639C-67A5-4145-A22D-11917632B7DF}.Debug|x64.Build.0 = Debug|x64
		{4AA4639C-67A5-4145-A22D-11917632B7DF}.Debug|x86.ActiveCfg = Debug|Win32
		{4AA4639C-67A5-4145-A22D-11917632B7DF}.Debug|x86.Build.0 = Debug|Win32
		{4AA4639C-67A5-4145-A22D-11917632B7DF}.Release|x64.ActiveCfg = Release|x64
		{4AA4639C-67A5-4145-A22D-11917632B7DF}.Release|x64.Build.0 = Release|x64
		{4AA4639C-67A5-4145-A22D-11917632B7DF}.Release|x86.ActiveCfg = Release|Win32
		{4AA4639C-67A5-4145-A22D-11917632B7DF}.Release|x86.Build.0 = Release|Win32
	EndGlobalSection
	GlobalSection(SolutionProperties) = preSolution
		HideSolutionNode = FALSE
	EndGlobalSection
	GlobalSection(ExtensibilityGlobals) = postSolution
		SolutionGuid = {103EC6BC-07AB-43BB-BBA0-AC5E8D3B98C3}
	EndGlobalSection
EndGlobal
