
Microsoft Visual Studio Solution File, Format Version 12.00
# Visual Studio Version 16
VisualStudioVersion = 16.0.32228.343
MinimumVisualStudioVersion = 10.0.40219.1
Project("{8BC9CEB8-8B4A-11D0-8D11-00A0C91BC942}") = "Sixth_Proj", "Sixth_Proj.vcxproj", "{9F1C5E91-4522-4DC9-9271-8934AE660133}"
EndProject
Project("{8BC9CEB8-8B4A-11D0-8D11-00A0C91BC942}") = "Sixth_Proj2", "..\Sixth_Proj2\Sixth_Proj2.vcxproj", "{9B5C9C04-A7C2-4686-9B29-0B7BDB128F1E}"
EndProject
Project("{8BC9CEB8-8B4A-11D0-8D11-00A0C91BC942}") = "Sixth_Proj3", "..\Sixth_Proj3\Sixth_Proj3.vcxproj", "{C9936CDA-46DC-4760-A168-9E661C3251DB}"
EndProject
Global
	GlobalSection(SolutionConfigurationPlatforms) = preSolution
		Debug|x64 = Debug|x64
		Debug|x86 = Debug|x86
		Release|x64 = Release|x64
		Release|x86 = Release|x86
	EndGlobalSection
	GlobalSection(ProjectConfigurationPlatforms) = postSolution
		{9F1C5E91-4522-4DC9-9271-8934AE660133}.Debug|x64.ActiveCfg = Debug|x64
		{9F1C5E91-4522-4DC9-9271-8934AE660133}.Debug|x64.Build.0 = Debug|x64
		{9F1C5E91-4522-4DC9-9271-8934AE660133}.Debug|x86.ActiveCfg = Debug|Win32
		{9F1C5E91-4522-4DC9-9271-8934AE660133}.Debug|x86.Build.0 = Debug|Win32
		{9F1C5E91-4522-4DC9-9271-8934AE660133}.Release|x64.ActiveCfg = Release|x64
		{9F1C5E91-4522-4DC9-9271-8934AE660133}.Release|x64.Build.0 = Release|x64
		{9F1C5E91-4522-4DC9-9271-8934AE660133}.Release|x86.ActiveCfg = Release|Win32
		{9F1C5E91-4522-4DC9-9271-8934AE660133}.Release|x86.Build.0 = Release|Win32
		{9B5C9C04-A7C2-4686-9B29-0B7BDB128F1E}.Debug|x64.ActiveCfg = Debug|x64
		{9B5C9C04-A7C2-4686-9B29-0B7BDB128F1E}.Debug|x64.Build.0 = Debug|x64
		{9B5C9C04-A7C2-4686-9B29-0B7BDB128F1E}.Debug|x86.ActiveCfg = Debug|Win32
		{9B5C9C04-A7C2-4686-9B29-0B7BDB128F1E}.Debug|x86.Build.0 = Debug|Win32
		{9B5C9C04-A7C2-4686-9B29-0B7BDB128F1E}.Release|x64.ActiveCfg = Release|x64
		{9B5C9C04-A7C2-4686-9B29-0B7BDB128F1E}.Release|x64.Build.0 = Release|x64
		{9B5C9C04-A7C2-4686-9B29-0B7BDB128F1E}.Release|x86.ActiveCfg = Release|Win32
		{9B5C9C04-A7C2-4686-9B29-0B7BDB128F1E}.Release|x86.Build.0 = Release|Win32
		{C9936CDA-46DC-4760-A168-9E661C3251DB}.Debug|x64.ActiveCfg = Debug|x64
		{C9936CDA-46DC-4760-A168-9E661C3251DB}.Debug|x64.Build.0 = Debug|x64
		{C9936CDA-46DC-4760-A168-9E661C3251DB}.Debug|x86.ActiveCfg = Debug|Win32
		{C9936CDA-46DC-4760-A168-9E661C3251DB}.Debug|x86.Build.0 = Debug|Win32
		{C9936CDA-46DC-4760-A168-9E661C3251DB}.Release|x64.ActiveCfg = Release|x64
		{C9936CDA-46DC-4760-A168-9E661C3251DB}.Release|x64.Build.0 = Release|x64
		{C9936CDA-46DC-4760-A168-9E661C3251DB}.Release|x86.ActiveCfg = Release|Win32
		{C9936CDA-46DC-4760-A168-9E661C3251DB}.Release|x86.Build.0 = Release|Win32
	EndGlobalSection
	GlobalSection(SolutionProperties) = preSolution
		HideSolutionNode = FALSE
	EndGlobalSection
	GlobalSection(ExtensibilityGlobals) = postSolution
		SolutionGuid = {E59361BA-AF12-414E-B227-C6DB3B100810}
	EndGlobalSection
EndGlobal
